
Microsoft Visual Studio Solution File, Format Version 12.00
# Visual Studio Version 16
VisualStudioVersion = 16.0.31624.102
MinimumVisualStudioVersion = 10.0.40219.1
Project("{9A19103F-16F7-4668-BE54-9A1E7A4F7556}") = "AutomobilePlantView", "AutomobilePlantView\AutomobilePlantView.csproj", "{2E2E30F4-9896-4F5E-BB41-3E10D0AF9CD4}"
EndProject
Project("{9A19103F-16F7-4668-BE54-9A1E7A4F7556}") = "AutomobilePlantContracts", "AutomobilePlantContracts\AutomobilePlantContracts.csproj", "{02851780-FA24-4C18-B0EC-DCF5E2F7FE6B}"
EndProject
Project("{9A19103F-16F7-4668-BE54-9A1E7A4F7556}") = "AutomobilePlantBusinessLogic", "AutomobilePlantBusinessLogic\AutomobilePlantBusinessLogic.csproj", "{2DC5E95F-86F3-4A49-96CB-DF034DB2B773}"
EndProject
Project("{9A19103F-16F7-4668-BE54-9A1E7A4F7556}") = "AutomobilePlantListImplement", "AutomobilePlantListImplement\AutomobilePlantListImplement.csproj", "{FCD0F0B2-58BB-4A12-9E62-ADF212C93105}"
EndProject
Project("{FAE04EC0-301F-11D3-BF4B-00C04F79EFBC}") = "AutomobilePlantFileImplement", "AutomobilePlantFileImplement\AutomobilePlantFileImplement.csproj", "{02F8EE80-2721-4C11-8392-13AB9AC77B93}"
EndProject
Global
	GlobalSection(SolutionConfigurationPlatforms) = preSolution
		Debug|Any CPU = Debug|Any CPU
		Release|Any CPU = Release|Any CPU
	EndGlobalSection
	GlobalSection(ProjectConfigurationPlatforms) = postSolution
		{2E2E30F4-9896-4F5E-BB41-3E10D0AF9CD4}.Debug|Any CPU.ActiveCfg = Debug|Any CPU
		{2E2E30F4-9896-4F5E-BB41-3E10D0AF9CD4}.Debug|Any CPU.Build.0 = Debug|Any CPU
		{2E2E30F4-9896-4F5E-BB41-3E10D0AF9CD4}.Release|Any CPU.ActiveCfg = Release|Any CPU
		{2E2E30F4-9896-4F5E-BB41-3E10D0AF9CD4}.Release|Any CPU.Build.0 = Release|Any CPU
		{02851780-FA24-4C18-B0EC-DCF5E2F7FE6B}.Debug|Any CPU.ActiveCfg = Debug|Any CPU
		{02851780-FA24-4C18-B0EC-DCF5E2F7FE6B}.Debug|Any CPU.Build.0 = Debug|Any CPU
		{02851780-FA24-4C18-B0EC-DCF5E2F7FE6B}.Release|Any CPU.ActiveCfg = Release|Any CPU
		{02851780-FA24-4C18-B0EC-DCF5E2F7FE6B}.Release|Any CPU.Build.0 = Release|Any CPU
		{2DC5E95F-86F3-4A49-96CB-DF034DB2B773}.Debug|Any CPU.ActiveCfg = Debug|Any CPU
		{2DC5E95F-86F3-4A49-96CB-DF034DB2B773}.Debug|Any CPU.Build.0 = Debug|Any CPU
		{2DC5E95F-86F3-4A49-96CB-DF034DB2B773}.Release|Any CPU.ActiveCfg = Release|Any CPU
		{2DC5E95F-86F3-4A49-96CB-DF034DB2B773}.Release|Any CPU.Build.0 = Release|Any CPU
		{FCD0F0B2-58BB-4A12-9E62-ADF212C93105}.Debug|Any CPU.ActiveCfg = Debug|Any CPU
		{FCD0F0B2-58BB-4A12-9E62-ADF212C93105}.Debug|Any CPU.Build.0 = Debug|Any CPU
		{FCD0F0B2-58BB-4A12-9E62-ADF212C93105}.Release|Any CPU.ActiveCfg = Release|Any CPU
		{FCD0F0B2-58BB-4A12-9E62-ADF212C93105}.Release|Any CPU.Build.0 = Release|Any CPU
	EndGlobalSection
	GlobalSection(SolutionProperties) = preSolution
		HideSolutionNode = FALSE
	EndGlobalSection
	GlobalSection(ExtensibilityGlobals) = postSolution
		SolutionGuid = {FA12893E-63B0-4AE2-A74A-202B82E4C291}
	EndGlobalSection
EndGlobal
